
Microsoft Visual Studio Solution File, Format Version 12.00
# Visual Studio Version 16
VisualStudioVersion = 16.0.32228.343
MinimumVisualStudioVersion = 10.0.40219.1
Project("{FAE04EC0-301F-11D3-BF4B-00C04F79EFBC}") = "ArtGallery", "ArtGallery\ArtGallery.csproj", "{AB7D2769-6BE2-48B9-B9FF-172B5186CC5B}"
EndProject
Global
	GlobalSection(SolutionConfigurationPlatforms) = preSolution
		Debug|Any CPU = Debug|Any CPU
		Release|Any CPU = Release|Any CPU
	EndGlobalSection
	GlobalSection(ProjectConfigurationPlatforms) = postSolution
		{AB7D2769-6BE2-48B9-B9FF-172B5186CC5B}.Debug|Any CPU.ActiveCfg = Debug|Any CPU
		{AB7D2769-6BE2-48B9-B9FF-172B5186CC5B}.Debug|Any CPU.Build.0 = Debug|Any CPU
		{AB7D2769-6BE2-48B9-B9FF-172B5186CC5B}.Release|Any CPU.ActiveCfg = Release|Any CPU
		{AB7D2769-6BE2-48B9-B9FF-172B5186CC5B}.Release|Any CPU.Build.0 = Release|Any CPU
	EndGlobalSection
	GlobalSection(SolutionProperties) = preSolution
		HideSolutionNode = FALSE
	EndGlobalSection
	GlobalSection(ExtensibilityGlobals) = postSolution
		SolutionGuid = {C7BDF4CD-6839-446A-9A00-744A70421F6F}
	EndGlobalSection
EndGlobal
